// !$*UTF8*$!
{
	archiveVersion = 1;
	classes = {
	};
	objectVersion = 50;
	objects = {

/* Begin PBXBuildFile section */
		B6DCED6321015A56008F45AB /* AppDelegate.swift in Sources */ = {isa = PBXBuildFile; fileRef = B6DCED6221015A56008F45AB /* AppDelegate.swift */; };
		B6DCED6821015A56008F45AB /* Main.storyboard in Resources */ = {isa = PBXBuildFile; fileRef = B6DCED6621015A56008F45AB /* Main.storyboard */; };
		B6DCED6A21015A57008F45AB /* Assets.xcassets in Resources */ = {isa = PBXBuildFile; fileRef = B6DCED6921015A57008F45AB /* Assets.xcassets */; };
		B6DCED6D21015A57008F45AB /* LaunchScreen.storyboard in Resources */ = {isa = PBXBuildFile; fileRef = B6DCED6B21015A57008F45AB /* LaunchScreen.storyboard */; };
		B6DCED7B21015ACF008F45AB /* Individual.swift in Sources */ = {isa = PBXBuildFile; fileRef = B6DCED7A21015ACF008F45AB /* Individual.swift */; };
		B6DCED7D21015D8E008F45AB /* IndividualController.swift in Sources */ = {isa = PBXBuildFile; fileRef = B6DCED7C21015D8E008F45AB /* IndividualController.swift */; };
		B6DCED7F21016446008F45AB /* IndividualTableViewCell.swift in Sources */ = {isa = PBXBuildFile; fileRef = B6DCED7E21016446008F45AB /* IndividualTableViewCell.swift */; };
/* End PBXBuildFile section */

/* Begin PBXFileReference section */
		B6DCED5F21015A56008F45AB /* StarWarsProfiles.app */ = {isa = PBXFileReference; explicitFileType = wrapper.application; includeInIndex = 0; path = StarWarsProfiles.app; sourceTree = BUILT_PRODUCTS_DIR; };
		B6DCED6221015A56008F45AB /* AppDelegate.swift */ = {isa = PBXFileReference; lastKnownFileType = sourcecode.swift; path = AppDelegate.swift; sourceTree = "<group>"; };
		B6DCED6721015A56008F45AB /* Base */ = {isa = PBXFileReference; lastKnownFileType = file.storyboard; name = Base; path = Base.lproj/Main.storyboard; sourceTree = "<group>"; };
		B6DCED6921015A57008F45AB /* Assets.xcassets */ = {isa = PBXFileReference; lastKnownFileType = folder.assetcatalog; path = Assets.xcassets; sourceTree = "<group>"; };
		B6DCED6C21015A57008F45AB /* Base */ = {isa = PBXFileReference; lastKnownFileType = file.storyboard; name = Base; path = Base.lproj/LaunchScreen.storyboard; sourceTree = "<group>"; };
		B6DCED6E21015A57008F45AB /* Info.plist */ = {isa = PBXFileReference; lastKnownFileType = text.plist.xml; path = Info.plist; sourceTree = "<group>"; };
		B6DCED7A21015ACF008F45AB /* Individual.swift */ = {isa = PBXFileReference; lastKnownFileType = sourcecode.swift; path = Individual.swift; sourceTree = "<group>"; };
		B6DCED7C21015D8E008F45AB /* IndividualController.swift */ = {isa = PBXFileReference; lastKnownFileType = sourcecode.swift; path = IndividualController.swift; sourceTree = "<group>"; };
		B6DCED7E21016446008F45AB /* IndividualTableViewCell.swift */ = {isa = PBXFileReference; lastKnownFileType = sourcecode.swift; path = IndividualTableViewCell.swift; sourceTree = "<group>"; };
/* End PBXFileReference section */

/* Begin PBXFrameworksBuildPhase section */
		B6DCED5C21015A56008F45AB /* Frameworks */ = {
			isa = PBXFrameworksBuildPhase;
			buildActionMask = 2147483647;
			files = (
			);
			runOnlyForDeploymentPostprocessing = 0;
		};
/* End PBXFrameworksBuildPhase section */

/* Begin PBXGroup section */
		B6DCED5621015A56008F45AB = {
			isa = PBXGroup;
			children = (
				B6DCED6121015A56008F45AB /* StarWarsProfiles */,
				B6DCED6021015A56008F45AB /* Products */,
			);
			sourceTree = "<group>";
		};
		B6DCED6021015A56008F45AB /* Products */ = {
			isa = PBXGroup;
			children = (
				B6DCED5F21015A56008F45AB /* StarWarsProfiles.app */,
			);
			name = Products;
			sourceTree = "<group>";
		};
		B6DCED6121015A56008F45AB /* StarWarsProfiles */ = {
			isa = PBXGroup;
			children = (
				B6DCED7821015A7E008F45AB /* Models */,
				B6DCED7721015A7B008F45AB /* Views */,
				B6DCED7421015A67008F45AB /* Controllers */,
				B6DCED7921015A8E008F45AB /* Resources */,
			);
			path = StarWarsProfiles;
			sourceTree = "<group>";
		};
		B6DCED7421015A67008F45AB /* Controllers */ = {
			isa = PBXGroup;
			children = (
				B6DCED7621015A75008F45AB /* ModelController */,
				B6DCED7521015A71008F45AB /* ViewControllers */,
			);
			path = Controllers;
			sourceTree = "<group>";
		};
		B6DCED7521015A71008F45AB /* ViewControllers */ = {
			isa = PBXGroup;
			children = (
			);
			path = ViewControllers;
			sourceTree = "<group>";
		};
		B6DCED7621015A75008F45AB /* ModelController */ = {
			isa = PBXGroup;
			children = (
				B6DCED7C21015D8E008F45AB /* IndividualController.swift */,
			);
			path = ModelController;
			sourceTree = "<group>";
		};
		B6DCED7721015A7B008F45AB /* Views */ = {
			isa = PBXGroup;
			children = (
				B6DCED6621015A56008F45AB /* Main.storyboard */,
				B6DCED7E21016446008F45AB /* IndividualTableViewCell.swift */,
			);
			path = Views;
			sourceTree = "<group>";
		};
		B6DCED7821015A7E008F45AB /* Models */ = {
			isa = PBXGroup;
			children = (
				B6DCED7A21015ACF008F45AB /* Individual.swift */,
			);
			path = Models;
			sourceTree = "<group>";
		};
		B6DCED7921015A8E008F45AB /* Resources */ = {
			isa = PBXGroup;
			children = (
				B6DCED6221015A56008F45AB /* AppDelegate.swift */,
				B6DCED6921015A57008F45AB /* Assets.xcassets */,
				B6DCED6B21015A57008F45AB /* LaunchScreen.storyboard */,
				B6DCED6E21015A57008F45AB /* Info.plist */,
			);
			path = Resources;
			sourceTree = "<group>";
		};
/* End PBXGroup section */

/* Begin PBXNativeTarget section */
		B6DCED5E21015A56008F45AB /* StarWarsProfiles */ = {
			isa = PBXNativeTarget;
			buildConfigurationList = B6DCED7121015A57008F45AB /* Build configuration list for PBXNativeTarget "StarWarsProfiles" */;
			buildPhases = (
				B6DCED5B21015A56008F45AB /* Sources */,
				B6DCED5C21015A56008F45AB /* Frameworks */,
				B6DCED5D21015A56008F45AB /* Resources */,
			);
			buildRules = (
			);
			dependencies = (
			);
			name = StarWarsProfiles;
			productName = StarWarsProfiles;
			productReference = B6DCED5F21015A56008F45AB /* StarWarsProfiles.app */;
			productType = "com.apple.product-type.application";
		};
/* End PBXNativeTarget section */

/* Begin PBXProject section */
		B6DCED5721015A56008F45AB /* Project object */ = {
			isa = PBXProject;
			attributes = {
				LastSwiftUpdateCheck = 0940;
				LastUpgradeCheck = 0940;
				ORGANIZATIONNAME = "Zachary Frew";
				TargetAttributes = {
					B6DCED5E21015A56008F45AB = {
						CreatedOnToolsVersion = 9.4.1;
					};
				};
			};
			buildConfigurationList = B6DCED5A21015A56008F45AB /* Build configuration list for PBXProject "StarWarsProfiles" */;
			compatibilityVersion = "Xcode 9.3";
			developmentRegion = en;
			hasScannedForEncodings = 0;
			knownRegions = (
				en,
				Base,
			);
			mainGroup = B6DCED5621015A56008F45AB;
			productRefGroup = B6DCED6021015A56008F45AB /* Products */;
			projectDirPath = "";
			projectRoot = "";
			targets = (
				B6DCED5E21015A56008F45AB /* StarWarsProfiles */,
			);
		};
/* End PBXProject section */

/* Begin PBXResourcesBuildPhase section */
		B6DCED5D21015A56008F45AB /* Resources */ = {
			isa = PBXResourcesBuildPhase;
			buildActionMask = 2147483647;
			files = (
				B6DCED6D21015A57008F45AB /* LaunchScreen.storyboard in Resources */,
				B6DCED6A21015A57008F45AB /* Assets.xcassets in Resources */,
				B6DCED6821015A56008F45AB /* Main.storyboard in Resources */,
			);
			runOnlyForDeploymentPostprocessing = 0;
		};
/* End PBXResourcesBuildPhase section */

/* Begin PBXSourcesBuildPhase section */
		B6DCED5B21015A56008F45AB /* Sources */ = {
			isa = PBXSourcesBuildPhase;
			buildActionMask = 2147483647;
			files = (
				B6DCED7F21016446008F45AB /* IndividualTableViewCell.swift in Sources */,
				B6DCED7B21015ACF008F45AB /* Individual.swift in Sources */,
				B6DCED6321015A56008F45AB /* AppDelegate.swift in Sources */,
				B6DCED7D21015D8E008F45AB /* IndividualController.swift in Sources */,
			);
			runOnlyForDeploymentPostprocessing = 0;
		};
/* End PBXSourcesBuildPhase section */

/* Begin PBXVariantGroup section */
		B6DCED6621015A56008F45AB /* Main.storyboard */ = {
			isa = PBXVariantGroup;
			children = (
				B6DCED6721015A56008F45AB /* Base */,
			);
			name = Main.storyboard;
			sourceTree = "<group>";
		};
		B6DCED6B21015A57008F45AB /* LaunchScreen.storyboard */ = {
			isa = PBXVariantGroup;
			children = (
				B6DCED6C21015A57008F45AB /* Base */,
			);
			name = LaunchScreen.storyboard;
			sourceTree = "<group>";
		};
/* End PBXVariantGroup section */

/* Begin XCBuildConfiguration section */
		B6DCED6F21015A57008F45AB /* Debug */ = {
			isa = XCBuildConfiguration;
			buildSettings = {
				ALWAYS_SEARCH_USER_PATHS = NO;
				CLANG_ANALYZER_NONNULL = YES;
				CLANG_ANALYZER_NUMBER_OBJECT_CONVERSION = YES_AGGRESSIVE;
				CLANG_CXX_LANGUAGE_STANDARD = "gnu++14";
				CLANG_CXX_LIBRARY = "libc++";
				CLANG_ENABLE_MODULES = YES;
				CLANG_ENABLE_OBJC_ARC = YES;
				CLANG_ENABLE_OBJC_WEAK = YES;
				CLANG_WARN_BLOCK_CAPTURE_AUTORELEASING = YES;
				CLANG_WARN_BOOL_CONVERSION = YES;
				CLANG_WARN_COMMA = YES;
				CLANG_WARN_CONSTANT_CONVERSION = YES;
				CLANG_WARN_DEPRECATED_OBJC_IMPLEMENTATIONS = YES;
				CLANG_WARN_DIRECT_OBJC_ISA_USAGE = YES_ERROR;
				CLANG_WARN_DOCUMENTATION_COMMENTS = YES;
				CLANG_WARN_EMPTY_BODY = YES;
				CLANG_WARN_ENUM_CONVERSION = YES;
				CLANG_WARN_INFINITE_RECURSION = YES;
				CLANG_WARN_INT_CONVERSION = YES;
				CLANG_WARN_NON_LITERAL_NULL_CONVERSION = YES;
				CLANG_WARN_OBJC_IMPLICIT_RETAIN_SELF = YES;
				CLANG_WARN_OBJC_LITERAL_CONVERSION = YES;
				CLANG_WARN_OBJC_ROOT_CLASS = YES_ERROR;
				CLANG_WARN_RANGE_LOOP_ANALYSIS = YES;
				CLANG_WARN_STRICT_PROTOTYPES = YES;
				CLANG_WARN_SUSPICIOUS_MOVE = YES;
				CLANG_WARN_UNGUARDED_AVAILABILITY = YES_AGGRESSIVE;
				CLANG_WARN_UNREACHABLE_CODE = YES;
				CLANG_WARN__DUPLICATE_METHOD_MATCH = YES;
				CODE_SIGN_IDENTITY = "iPhone Developer";
				COPY_PHASE_STRIP = NO;
				DEBUG_INFORMATION_FORMAT = dwarf;
				ENABLE_STRICT_OBJC_MSGSEND = YES;
				ENABLE_TESTABILITY = YES;
				GCC_C_LANGUAGE_STANDARD = gnu11;
				GCC_DYNAMIC_NO_PIC = NO;
				GCC_NO_COMMON_BLOCKS = YES;
				GCC_OPTIMIZATION_LEVEL = 0;
				GCC_PREPROCESSOR_DEFINITIONS = (
					"DEBUG=1",
					"$(inherited)",
				);
				GCC_WARN_64_TO_32_BIT_CONVERSION = YES;
				GCC_WARN_ABOUT_RETURN_TYPE = YES_ERROR;
				GCC_WARN_UNDECLARED_SELECTOR = YES;
				GCC_WARN_UNINITIALIZED_AUTOS = YES_AGGRESSIVE;
				GCC_WARN_UNUSED_FUNCTION = YES;
				GCC_WARN_UNUSED_VARIABLE = YES;
				IPHONEOS_DEPLOYMENT_TARGET = 11.4;
				MTL_ENABLE_DEBUG_INFO = YES;
				ONLY_ACTIVE_ARCH = YES;
				SDKROOT = iphoneos;
				SWIFT_ACTIVE_COMPILATION_CONDITIONS = DEBUG;
				SWIFT_OPTIMIZATION_LEVEL = "-Onone";
			};
			name = Debug;
		};
		B6DCED7021015A57008F45AB /* Release */ = {
			isa = XCBuildConfiguration;
			buildSettings = {
				ALWAYS_SEARCH_USER_PATHS = NO;
				CLANG_ANALYZER_NONNULL = YES;
				CLANG_ANALYZER_NUMBER_OBJECT_CONVERSION = YES_AGGRESSIVE;
				CLANG_CXX_LANGUAGE_STANDARD = "gnu++14";
				CLANG_CXX_LIBRARY = "libc++";
				CLANG_ENABLE_MODULES = YES;
				CLANG_ENABLE_OBJC_ARC = YES;
				CLANG_ENABLE_OBJC_WEAK = YES;
				CLANG_WARN_BLOCK_CAPTURE_AUTORELEASING = YES;
				CLANG_WARN_BOOL_CONVERSION = YES;
				CLANG_WARN_COMMA = YES;
				CLANG_WARN_CONSTANT_CONVERSION = YES;
				CLANG_WARN_DEPRECATED_OBJC_IMPLEMENTATIONS = YES;
				CLANG_WARN_DIRECT_OBJC_ISA_USAGE = YES_ERROR;
				CLANG_WARN_DOCUMENTATION_COMMENTS = YES;
				CLANG_WARN_EMPTY_BODY = YES;
				CLANG_WARN_ENUM_CONVERSION = YES;
				CLANG_WARN_INFINITE_RECURSION = YES;
				CLANG_WARN_INT_CONVERSION = YES;
				CLANG_WARN_NON_LITERAL_NULL_CONVERSION = YES;
				CLANG_WARN_OBJC_IMPLICIT_RETAIN_SELF = YES;
				CLANG_WARN_OBJC_LITERAL_CONVERSION = YES;
				CLANG_WARN_OBJC_ROOT_CLASS = YES_ERROR;
				CLANG_WARN_RANGE_LOOP_ANALYSIS = YES;
				CLANG_WARN_STRICT_PROTOTYPES = YES;
				CLANG_WARN_SUSPICIOUS_MOVE = YES;
				CLANG_WARN_UNGUARDED_AVAILABILITY = YES_AGGRESSIVE;
				CLANG_WARN_UNREACHABLE_CODE = YES;
				CLANG_WARN__DUPLICATE_METHOD_MATCH = YES;
				CODE_SIGN_IDENTITY = "iPhone Developer";
				COPY_PHASE_STRIP = NO;
				DEBUG_INFORMATION_FORMAT = "dwarf-with-dsym";
				ENABLE_NS_ASSERTIONS = NO;
				ENABLE_STRICT_OBJC_MSGSEND = YES;
				GCC_C_LANGUAGE_STANDARD = gnu11;
				GCC_NO_COMMON_BLOCKS = YES;
				GCC_WARN_64_TO_32_BIT_CONVERSION = YES;
				GCC_WARN_ABOUT_RETURN_TYPE = YES_ERROR;
				GCC_WARN_UNDECLARED_SELECTOR = YES;
				GCC_WARN_UNINITIALIZED_AUTOS = YES_AGGRESSIVE;
				GCC_WARN_UNUSED_FUNCTION = YES;
				GCC_WARN_UNUSED_VARIABLE = YES;
				IPHONEOS_DEPLOYMENT_TARGET = 11.4;
				MTL_ENABLE_DEBUG_INFO = NO;
				SDKROOT = iphoneos;
				SWIFT_COMPILATION_MODE = wholemodule;
				SWIFT_OPTIMIZATION_LEVEL = "-O";
				VALIDATE_PRODUCT = YES;
			};
			name = Release;
		};
		B6DCED7221015A57008F45AB /* Debug */ = {
			isa = XCBuildConfiguration;
			buildSettings = {
				ASSETCATALOG_COMPILER_APPICON_NAME = AppIcon;
				CODE_SIGN_STYLE = Automatic;
				DEVELOPMENT_TEAM = PKK87S6JNY;
				INFOPLIST_FILE = "$(SRCROOT)/StarWarsProfiles/Resources/Info.plist";
				LD_RUNPATH_SEARCH_PATHS = (
					"$(inherited)",
					"@executable_path/Frameworks",
				);
				PRODUCT_BUNDLE_IDENTIFIER = com.zachfrew.StarWarsProfiles;
				PRODUCT_NAME = "$(TARGET_NAME)";
				SWIFT_VERSION = 4.0;
				TARGETED_DEVICE_FAMILY = "1,2";
			};
			name = Debug;
		};
		B6DCED7321015A57008F45AB /* Release */ = {
			isa = XCBuildConfiguration;
			buildSettings = {
				ASSETCATALOG_COMPILER_APPICON_NAME = AppIcon;
				CODE_SIGN_STYLE = Automatic;
				DEVELOPMENT_TEAM = PKK87S6JNY;
				INFOPLIST_FILE = "$(SRCROOT)/StarWarsProfiles/Resources/Info.plist";
				LD_RUNPATH_SEARCH_PATHS = (
					"$(inherited)",
					"@executable_path/Frameworks",
				);
				PRODUCT_BUNDLE_IDENTIFIER = com.zachfrew.StarWarsProfiles;
				PRODUCT_NAME = "$(TARGET_NAME)";
				SWIFT_VERSION = 4.0;
				TARGETED_DEVICE_FAMILY = "1,2";
			};
			name = Release;
		};
/* End XCBuildConfiguration section */

/* Begin XCConfigurationList section */
		B6DCED5A21015A56008F45AB /* Build configuration list for PBXProject "StarWarsProfiles" */ = {
			isa = XCConfigurationList;
			buildConfigurations = (
				B6DCED6F21015A57008F45AB /* Debug */,
				B6DCED7021015A57008F45AB /* Release */,
			);
			defaultConfigurationIsVisible = 0;
			defaultConfigurationName = Release;
		};
		B6DCED7121015A57008F45AB /* Build configuration list for PBXNativeTarget "StarWarsProfiles" */ = {
			isa = XCConfigurationList;
			buildConfigurations = (
				B6DCED7221015A57008F45AB /* Debug */,
				B6DCED7321015A57008F45AB /* Release */,
			);
			defaultConfigurationIsVisible = 0;
			defaultConfigurationName = Release;
		};
/* End XCConfigurationList section */
	};
	rootObject = B6DCED5721015A56008F45AB /* Project object */;
}
